{
  "name": "hsk-shared-course-app",
  "version": "1.0.0",
  "lockfileVersion": 3,
  "requires": true,
  "packages": {
    "": {
      "name": "hsk-shared-course-app",
      "version": "1.0.0",
      "devDependencies": {
        "@playwright/test": "1.62.1",
        "@types/node": "24.19.0",
        "typescript": "7.0.2",
        "vite": "8.3.2"
      }
    },
    "../../hsk-hub/hsk1-app/node_modules/@oxc-project/types": {
      "version": "0.152.0",
      "extraneous": true,
      "license": "MIT",
      "funding": {
        "url": "https://github.com/sponsors/oxc-project"
      }
    },
    "../../hsk-hub/hsk1-app/node_modules/@playwright/test": {
      "version": "1.62.1",
      "dev": true,
      "license": "Apache-2.0",
      "dependencies": {
        "playwright": "1.62.1"
      },
      "bin": {
        "playwright": "cli.js"
      },
      "engines": {
        "node": ">=20"
      }
    },
    "../../hsk-hub/hsk1-app/node_modules/@rolldown/binding-linux-x64-gnu": {
      "version": "1.2.12",
      "cpu": [
        "x64"
      ],
      "extraneous": true,
      "license": "MIT",
      "os": [
        "linux"
      ],
      "engines": {
        "node": "^20.19.0 || >=22.12.0"
      }
    },
    "../../hsk-hub/hsk1-app/node_modules/@rolldown/binding-linux-x64-musl": {
      "version": "1.2.12",
      "cpu": [
        "x64"
      ],
      "extraneous": true,
      "license": "MIT",
      "os": [
        "linux"
      ],
      "engines": {
        "node": "^20.19.0 || >=22.12.0"
      }
    },
    "../../hsk-hub/hsk1-app/node_modules/@rolldown/pluginutils": {
      "version": "1.0.1",
      "extraneous": true,
      "license": "MIT",
      "devDependencies": {
        "@types/picomatch": "^4.0.3",
        "picomatch": "^4.0.4",
        "typescript": "^5.9.3"
      }
    },
    "../../hsk-hub/hsk1-app/node_modules/@types/node": {
      "version": "24.19.0",
      "dev": true,
      "license": "MIT",
      "dependencies": {
        "undici-types": ">=7.24.0 <7.24.7"
      }
    },
    "../../hsk-hub/hsk1-app/node_modules/@typescript/typescript-linux-x64": {
      "version": "7.0.2",
      "cpu": [
        "x64"
      ],
      "extraneous": true,
      "license": "Apache-2.0",
      "os": [
        "linux"
      ],
      "engines": {
        "node": ">=16.20.0"
      }
    },
    "../../hsk-hub/hsk1-app/node_modules/detect-libc": {
      "version": "2.1.2",
      "extraneous": true,
      "license": "Apache-2.0",
      "devDependencies": {
        "ava": "^2.4.0",
        "benchmark": "^2.1.4",
        "conventional-changelog-cli": "^5.0.0",
        "eslint-config-standard": "^13.0.1",
        "nyc": "^15.1.0",
        "proxyquire": "^2.1.3",
        "semistandard": "^14.2.3"
      },
      "engines": {
        "node": ">=8"
      }
    },
    "../../hsk-hub/hsk1-app/node_modules/fdir": {
      "version": "6.5.0",
      "extraneous": true,
      "license": "MIT",
      "devDependencies": {
        "@types/glob": "^8.1.0",
        "@types/mock-fs": "^4.13.4",
        "@types/node": "^20.9.4",
        "@types/picomatch": "^4.0.0",
        "@types/tap": "^15.0.11",
        "@vitest/coverage-v8": "^0.34.6",
        "all-files-in-tree": "^1.1.2",
        "benny": "^3.7.1",
        "csv-to-markdown-table": "^1.3.1",
        "expect": "^29.7.0",
        "fast-glob": "^3.3.2",
        "fdir1": "npm:fdir@1.2.0",
        "fdir2": "npm:fdir@2.1.0",
        "fdir3": "npm:fdir@3.4.2",
        "fdir4": "npm:fdir@4.1.0",
        "fdir5": "npm:fdir@5.0.0",
        "fs-readdir-recursive": "^1.1.0",
        "get-all-files": "^4.1.0",
        "glob": "^10.3.10",
        "klaw-sync": "^6.0.0",
        "mock-fs": "^5.2.0",
        "picomatch": "^4.0.2",
        "prettier": "^3.5.3",
        "recur-readdir": "0.0.1",
        "recursive-files": "^1.0.2",
        "recursive-fs": "^2.1.0",
        "recursive-readdir": "^2.2.3",
        "rrdir": "^12.1.0",
        "systeminformation": "^5.21.17",
        "tiny-glob": "^0.2.9",
        "ts-node": "^10.9.1",
        "tsdown": "^0.12.5",
        "typescript": "^5.3.2",
        "vitest": "^0.34.6",
        "walk-sync": "^3.0.0"
      },
      "engines": {
        "node": ">=12.0.0"
      },
      "peerDependencies": {
        "picomatch": "^3 || ^4"
      },
      "peerDependenciesMeta": {
        "picomatch": {
          "optional": true
        }
      }
    },
    "../../hsk-hub/hsk1-app/node_modules/lightningcss": {
      "version": "1.33.0",
      "extraneous": true,
      "license": "MPL-2.0",
      "dependencies": {
        "detect-libc": "^2.0.3"
      },
      "devDependencies": {
        "@babel/parser": "7.21.4",
        "@babel/traverse": "7.21.4",
        "@codemirror/lang-css": "^6.0.1",
        "@codemirror/lang-javascript": "^6.1.2",
        "@codemirror/lint": "^6.1.0",
        "@codemirror/theme-one-dark": "^6.1.0",
        "@mdn/browser-compat-data": "~8.0.7",
        "@napi-rs/cli": "^2.14.0",
        "autoprefixer": "^10.5.4",
        "caniuse-lite": "^1.0.30001806",
        "codemirror": "^6.0.1",
        "cssnano": "^7.0.6",
        "esbuild": "^0.19.8",
        "flowgen": "^1.21.0",
        "jest-diff": "^27.4.2",
        "json-schema-to-typescript": "^11.0.2",
        "markdown-it-anchor": "^8.6.6",
        "markdown-it-prism": "^2.3.0",
        "markdown-it-table-of-contents": "^0.6.0",
        "napi-wasm": "^1.0.1",
        "node-fetch": "^3.1.0",
        "parcel": "^2.8.2",
        "patch-package": "^6.5.0",
        "path-browserify": "^1.0.1",
        "postcss": "^8.3.11",
        "posthtml-include": "^1.7.4",
        "posthtml-markdownit": "^1.3.1",
        "posthtml-prism": "^1.0.4",
        "process": "^0.11.10",
        "puppeteer": "^12.0.1",
        "recast": "^0.22.0",
        "sharp": "^0.33.5",
        "typescript": "^5.7.2",
        "util": "^0.12.4",
        "uvu": "^0.5.6"
      },
      "engines": {
        "node": ">= 12.0.0"
      },
      "funding": {
        "type": "opencollective",
        "url": "https://opencollective.com/parcel"
      },
      "optionalDependencies": {
        "lightningcss-android-arm64": "1.33.0",
        "lightningcss-darwin-arm64": "1.33.0",
        "lightningcss-darwin-x64": "1.33.0",
        "lightningcss-freebsd-x64": "1.33.0",
        "lightningcss-linux-arm-gnueabihf": "1.33.0",
        "lightningcss-linux-arm64-gnu": "1.33.0",
        "lightningcss-linux-arm64-musl": "1.33.0",
        "lightningcss-linux-x64-gnu": "1.33.0",
        "lightningcss-linux-x64-musl": "1.33.0",
        "lightningcss-win32-arm64-msvc": "1.33.0",
        "lightningcss-win32-x64-msvc": "1.33.0"
      }
    },
    "../../hsk-hub/hsk1-app/node_modules/lightningcss-linux-x64-gnu": {
      "version": "1.33.0",
      "cpu": [
        "x64"
      ],
      "extraneous": true,
      "license": "MPL-2.0",
      "os": [
        "linux"
      ],
      "engines": {
        "node": ">= 12.0.0"
      },
      "funding": {
        "type": "opencollective",
        "url": "https://opencollective.com/parcel"
      }
    },
    "../../hsk-hub/hsk1-app/node_modules/lightningcss-linux-x64-musl": {
      "version": "1.33.0",
      "cpu": [
        "x64"
      ],
      "extraneous": true,
      "license": "MPL-2.0",
      "os": [
        "linux"
      ],
      "engines": {
        "node": ">= 12.0.0"
      },
      "funding": {
        "type": "opencollective",
        "url": "https://opencollective.com/parcel"
      }
    },
    "../../hsk-hub/hsk1-app/node_modules/nanoid": {
      "version": "3.3.19",
      "extraneous": true,
      "funding": [
        {
          "type": "github",
          "url": "https://github.com/sponsors/ai"
        }
      ],
      "license": "MIT",
      "bin": {
        "nanoid": "bin/nanoid.cjs"
      },
      "engines": {
        "node": "^10 || ^12 || ^13.7 || ^14 || >=15.0.1"
      }
    },
    "../../hsk-hub/hsk1-app/node_modules/picocolors": {
      "version": "1.1.1",
      "extraneous": true,
      "license": "ISC"
    },
    "../../hsk-hub/hsk1-app/node_modules/picomatch": {
      "version": "4.0.7",
      "extraneous": true,
      "license": "MIT",
      "devDependencies": {
        "eslint": "^8.57.0",
        "fill-range": "^7.0.1",
        "gulp-format-md": "^2.0.0",
        "mocha": "^10.4.0",
        "nyc": "^15.1.0"
      },
      "engines": {
        "node": ">=12"
      },
      "funding": {
        "url": "https://github.com/sponsors/jonschlinkert"
      }
    },
    "../../hsk-hub/hsk1-app/node_modules/playwright": {
      "version": "1.62.1",
      "extraneous": true,
      "license": "Apache-2.0",
      "dependencies": {
        "playwright-core": "1.62.1"
      },
      "bin": {
        "playwright": "cli.js"
      },
      "engines": {
        "node": ">=20"
      },
      "optionalDependencies": {
        "fsevents": "2.3.2"
      }
    },
    "../../hsk-hub/hsk1-app/node_modules/playwright-core": {
      "version": "1.62.1",
      "extraneous": true,
      "license": "Apache-2.0",
      "bin": {
        "playwright-core": "cli.js"
      },
      "engines": {
        "node": ">=20"
      }
    },
    "../../hsk-hub/hsk1-app/node_modules/postcss": {
      "version": "8.5.28",
      "extraneous": true,
      "funding": [
        {
          "type": "opencollective",
          "url": "https://opencollective.com/postcss/"
        },
        {
          "type": "tidelift",
          "url": "https://tidelift.com/funding/github/npm/postcss"
        },
        {
          "type": "github",
          "url": "https://github.com/sponsors/ai"
        }
      ],
      "license": "MIT",
      "dependencies": {
        "nanoid": "^3.3.18",
        "picocolors": "^1.1.1",
        "source-map-js": "^1.2.1"
      },
      "engines": {
        "node": "^10 || ^12 || >=14"
      }
    },
    "../../hsk-hub/hsk1-app/node_modules/rolldown": {
      "version": "1.2.12",
      "extraneous": true,
      "license": "MIT",
      "dependencies": {
        "@oxc-project/types": "=0.152.0",
        "@rolldown/pluginutils": "^1.0.0"
      },
      "bin": {
        "rolldown": "bin/cli.mjs"
      },
      "devDependencies": {
        "@emnapi/core": "2.0.0-alpha.5",
        "@emnapi/runtime": "2.0.0-alpha.5",
        "@napi-rs/cli": "^3.10.0",
        "@napi-rs/wasm-runtime": "~1.2.2",
        "@oxc-node/cli": "^0.1.0",
        "cac": "^7.0.0",
        "consola": "^3.4.2",
        "emnapi": "2.0.0-alpha.5",
        "execa": "^9.2.0",
        "fresh-import": "^0.2.1",
        "glob": "^13.0.0",
        "oxc-parser": "=0.152.0",
        "pathe": "^2.0.3",
        "remeda": "^2.50.0",
        "rolldown": "1.2.12",
        "rolldown-plugin-dts": "^0.28.0",
        "rollup": "^4.63.0",
        "signal-exit": "4.1.0",
        "source-map": "0.8.0",
        "typescript": "^6.0.0",
        "valibot": "1.5.0"
      },
      "engines": {
        "node": "^20.19.0 || >=22.12.0"
      },
      "optionalDependencies": {
        "@rolldown/binding-android-arm-eabi": "1.2.12",
        "@rolldown/binding-android-arm64": "1.2.12",
        "@rolldown/binding-darwin-arm64": "1.2.12",
        "@rolldown/binding-darwin-x64": "1.2.12",
        "@rolldown/binding-freebsd-x64": "1.2.12",
        "@rolldown/binding-linux-arm-gnueabihf": "1.2.12",
        "@rolldown/binding-linux-arm64-gnu": "1.2.12",
        "@rolldown/binding-linux-arm64-musl": "1.2.12",
        "@rolldown/binding-linux-ppc64-gnu": "1.2.12",
        "@rolldown/binding-linux-s390x-gnu": "1.2.12",
        "@rolldown/binding-linux-x64-gnu": "1.2.12",
        "@rolldown/binding-linux-x64-musl": "1.2.12",
        "@rolldown/binding-openharmony-arm64": "1.2.12",
        "@rolldown/binding-win32-arm64-msvc": "1.2.12",
        "@rolldown/binding-win32-x64-msvc": "1.2.12"
      }
    },
    "../../hsk-hub/hsk1-app/node_modules/source-map-js": {
      "version": "1.2.2",
      "extraneous": true,
      "license": "BSD-3-Clause",
      "devDependencies": {
        "clean-publish": "^3.1.0",
        "doctoc": "^0.15.0",
        "webpack": "^1.12.0"
      },
      "engines": {
        "node": ">=0.10.0"
      }
    },
    "../../hsk-hub/hsk1-app/node_modules/tinyglobby": {
      "version": "0.2.17",
      "extraneous": true,
      "license": "MIT",
      "dependencies": {
        "fdir": "^6.5.0",
        "picomatch": "^4.0.4"
      },
      "devDependencies": {
        "@biomejs/biome": "^2.4.16",
        "@types/node": "^25.9.1",
        "@types/picomatch": "^4.0.3",
        "fast-glob": "^3.3.3",
        "fs-fixture": "^2.14.0",
        "glob": "^13.0.6",
        "tinybench": "^6.0.2",
        "tsdown": "^0.22.1",
        "typescript": "^6.0.3"
      },
      "engines": {
        "node": ">=12.0.0"
      },
      "funding": {
        "url": "https://github.com/sponsors/SuperchupuDev"
      }
    },
    "../../hsk-hub/hsk1-app/node_modules/typescript": {
      "version": "7.0.2",
      "dev": true,
      "license": "Apache-2.0",
      "bin": {
        "tsc": "bin/tsc"
      },
      "engines": {
        "node": ">=16.20.0"
      },
      "optionalDependencies": {
        "@typescript/typescript-aix-ppc64": "7.0.2",
        "@typescript/typescript-darwin-arm64": "7.0.2",
        "@typescript/typescript-darwin-x64": "7.0.2",
        "@typescript/typescript-freebsd-arm64": "7.0.2",
        "@typescript/typescript-freebsd-x64": "7.0.2",
        "@typescript/typescript-linux-arm": "7.0.2",
        "@typescript/typescript-linux-arm64": "7.0.2",
        "@typescript/typescript-linux-loong64": "7.0.2",
        "@typescript/typescript-linux-mips64el": "7.0.2",
        "@typescript/typescript-linux-ppc64": "7.0.2",
        "@typescript/typescript-linux-riscv64": "7.0.2",
        "@typescript/typescript-linux-s390x": "7.0.2",
        "@typescript/typescript-linux-x64": "7.0.2",
        "@typescript/typescript-netbsd-arm64": "7.0.2",
        "@typescript/typescript-netbsd-x64": "7.0.2",
        "@typescript/typescript-openbsd-arm64": "7.0.2",
        "@typescript/typescript-openbsd-x64": "7.0.2",
        "@typescript/typescript-sunos-x64": "7.0.2",
        "@typescript/typescript-win32-arm64": "7.0.2",
        "@typescript/typescript-win32-x64": "7.0.2"
      }
    },
    "../../hsk-hub/hsk1-app/node_modules/undici-types": {
      "version": "7.24.6",
      "extraneous": true,
      "license": "MIT"
    },
    "../../hsk-hub/hsk1-app/node_modules/vite": {
      "version": "8.3.2",
      "dev": true,
      "license": "MIT",
      "dependencies": {
        "lightningcss": "^1.33.0",
        "picomatch": "^4.0.7",
        "postcss": "^8.5.28",
        "rolldown": "~1.2.11",
        "tinyglobby": "^0.2.17"
      },
      "bin": {
        "vite": "bin/vite.js"
      },
      "devDependencies": {
        "@babel/parser": "^7.29.9",
        "@jridgewell/remapping": "^2.3.5",
        "@jridgewell/trace-mapping": "^0.3.31",
        "@polka/compression": "^1.0.0-next.25",
        "@rollup/plugin-alias": "^6.0.0",
        "@rollup/plugin-dynamic-import-vars": "2.1.4",
        "@rollup/pluginutils": "^5.4.0",
        "@types/escape-html": "^1.0.4",
        "@types/pnpapi": "^0.0.5",
        "@vercel/detect-agent": "^1.2.5",
        "@vitejs/devtools": "^0.7.6",
        "@vitest/utils": "^4.1.11",
        "@voidzero-dev/vite-task-client": "^0.2.0",
        "artichokie": "^0.4.5",
        "baseline-browser-mapping": "^2.11.26",
        "cac": "^7.0.0",
        "chokidar": "^3.6.0",
        "connect": "^3.7.0",
        "convert-source-map": "^2.0.0",
        "cors": "^2.8.6",
        "dotenv-expand": "^13.0.0",
        "es-module-lexer": "^2.3.2",
        "esbuild": "^0.28.2",
        "escape-html": "^1.0.3",
        "estree-walker": "^3.0.3",
        "etag": "^1.8.1",
        "fresh-import": "^0.2.1",
        "host-validation-middleware": "^0.1.4",
        "http-proxy-3": "^1.23.3",
        "launch-editor-middleware": "^2.14.1",
        "magic-string": "^1.4.2",
        "mlly": "^1.8.2",
        "mrmime": "^2.0.1",
        "nanoid": "^5.1.16",
        "obug": "^1.0.2",
        "open": "^10.2.0",
        "parse5": "^8.0.1",
        "pathe": "^2.0.3",
        "periscopic": "^4.0.3",
        "picocolors": "^1.1.1",
        "postcss-import": "^16.2.0",
        "postcss-load-config": "^6.0.1",
        "postcss-modules": "^9.0.1",
        "premove": "^4.0.0",
        "resolve.exports": "^2.0.3",
        "rolldown-plugin-dts": "^0.28.6",
        "rollup": "^4.59.0",
        "rollup-plugin-license": "^3.7.1",
        "sass": "^1.105.0",
        "sass-embedded": "^1.105.0",
        "sirv": "^3.0.2",
        "strip-literal": "^4.0.0",
        "terser": "^5.51.2",
        "tinyexec": "^1.3.1",
        "ufo": "^1.6.4",
        "ws": "^8.22.0"
      },
      "engines": {
        "node": "^20.19.0 || >=22.12.0"
      },
      "funding": {
        "url": "https://github.com/vitejs/vite?sponsor=1"
      },
      "optionalDependencies": {
        "fsevents": "~2.3.3"
      },
      "peerDependencies": {
        "@types/node": "^20.19.0 || >=22.12.0",
        "@vitejs/devtools": "^0.7.1",
        "esbuild": "^0.27.0 || ^0.28.0",
        "jiti": ">=1.21.0",
        "less": "^4.0.0",
        "sass": "^1.70.0",
        "sass-embedded": "^1.70.0",
        "stylus": ">=0.54.8",
        "sugarss": "^5.0.0",
        "terser": "^5.16.0",
        "tsx": "^4.8.1",
        "yaml": "^2.4.2"
      },
      "peerDependenciesMeta": {
        "@types/node": {
          "optional": true
        },
        "@vitejs/devtools": {
          "optional": true
        },
        "esbuild": {
          "optional": true
        },
        "jiti": {
          "optional": true
        },
        "less": {
          "optional": true
        },
        "sass": {
          "optional": true
        },
        "sass-embedded": {
          "optional": true
        },
        "stylus": {
          "optional": true
        },
        "sugarss": {
          "optional": true
        },
        "terser": {
          "optional": true
        },
        "tsx": {
          "optional": true
        },
        "yaml": {
          "optional": true
        }
      }
    },
    "node_modules/@playwright/test": {
      "resolved": "../../hsk-hub/hsk1-app/node_modules/@playwright/test",
      "link": true
    },
    "node_modules/@types/node": {
      "resolved": "../../hsk-hub/hsk1-app/node_modules/@types/node",
      "link": true
    },
    "node_modules/typescript": {
      "resolved": "../../hsk-hub/hsk1-app/node_modules/typescript",
      "link": true
    },
    "node_modules/vite": {
      "resolved": "../../hsk-hub/hsk1-app/node_modules/vite",
      "link": true
    }
  }
}
